// !$*UTF8*$!
{
	archiveVersion = 1;
	classes = {
	};
	objectVersion = 55;
	objects = {

/* Begin PBXBuildFile section */
		521A72A31E3ED65FA30EB0BB /* Pods_Instagram_iOS.framework in Frameworks */ = {isa = PBXBuildFile; fileRef = D1578127E45E83B69C8FD05B /* Pods_Instagram_iOS.framework */; };
		C01D7CB427F33C7200100B84 /* ProfileHeader.swift in Sources */ = {isa = PBXBuildFile; fileRef = C01D7CB327F33C7200100B84 /* ProfileHeader.swift */; };
		C01D7CB627F33C7C00100B84 /* ProfileCell.swift in Sources */ = {isa = PBXBuildFile; fileRef = C01D7CB527F33C7C00100B84 /* ProfileCell.swift */; };
		C01D7CB927F3511100100B84 /* UserService.swift in Sources */ = {isa = PBXBuildFile; fileRef = C01D7CB827F3511000100B84 /* UserService.swift */; };
		C01D7CBB27F3512500100B84 /* Constants.swift in Sources */ = {isa = PBXBuildFile; fileRef = C01D7CBA27F3512500100B84 /* Constants.swift */; };
		C0289D0227F5E4F700FC185E /* UserCell.swift in Sources */ = {isa = PBXBuildFile; fileRef = C0289D0127F5E4F700FC185E /* UserCell.swift */; };
		C0289D0427FB248000FC185E /* UserCellViewModel.swift in Sources */ = {isa = PBXBuildFile; fileRef = C0289D0327FB248000FC185E /* UserCellViewModel.swift */; };
		C0289D0627FBEBC200FC185E /* UploadViewController.swift in Sources */ = {isa = PBXBuildFile; fileRef = C0289D0527FBEBC200FC185E /* UploadViewController.swift */; };
		C0289D0827FC068500FC185E /* InputTextView.swift in Sources */ = {isa = PBXBuildFile; fileRef = C0289D0727FC068500FC185E /* InputTextView.swift */; };
		C0289D0A27FC19A100FC185E /* PostService.swift in Sources */ = {isa = PBXBuildFile; fileRef = C0289D0927FC19A100FC185E /* PostService.swift */; };
		C0289D0C27FC226D00FC185E /* Post.swift in Sources */ = {isa = PBXBuildFile; fileRef = C0289D0B27FC226D00FC185E /* Post.swift */; };
		C0289D0E27FC27CE00FC185E /* PostViewModel.swift in Sources */ = {isa = PBXBuildFile; fileRef = C0289D0D27FC27CE00FC185E /* PostViewModel.swift */; };
		C040F7EC27F3D25800BC8F9F /* User.swift in Sources */ = {isa = PBXBuildFile; fileRef = C040F7EB27F3D25800BC8F9F /* User.swift */; };
		C040F7EE27F4964D00BC8F9F /* ProfileHeaderViewModel.swift in Sources */ = {isa = PBXBuildFile; fileRef = C040F7ED27F4964D00BC8F9F /* ProfileHeaderViewModel.swift */; };
		C045098227EA0AFE0082B673 /* abseil.xcframework in Frameworks */ = {isa = PBXBuildFile; fileRef = C045097C27EA0AFE0082B673 /* abseil.xcframework */; };
		C045098327EA0AFE0082B673 /* BoringSSL-GRPC.xcframework in Frameworks */ = {isa = PBXBuildFile; fileRef = C045097D27EA0AFE0082B673 /* BoringSSL-GRPC.xcframework */; };
		C045098427EA0AFE0082B673 /* gRPC-C++.xcframework in Frameworks */ = {isa = PBXBuildFile; fileRef = C045097E27EA0AFE0082B673 /* gRPC-C++.xcframework */; };
		C045098527EA0AFE0082B673 /* FirebaseFirestore.xcframework in Frameworks */ = {isa = PBXBuildFile; fileRef = C045097F27EA0AFE0082B673 /* FirebaseFirestore.xcframework */; };
		C045098627EA0AFE0082B673 /* leveldb-library.xcframework in Frameworks */ = {isa = PBXBuildFile; fileRef = C045098027EA0AFE0082B673 /* leveldb-library.xcframework */; };
		C045098727EA0AFE0082B673 /* gRPC-Core.xcframework in Frameworks */ = {isa = PBXBuildFile; fileRef = C045098127EA0AFE0082B673 /* gRPC-Core.xcframework */; };
		C096FD9227E6C86600074A81 /* FeedController.swift in Sources */ = {isa = PBXBuildFile; fileRef = C096FD9127E6C86600074A81 /* FeedController.swift */; };
		C096FD9427E6C88000074A81 /* SearchController.swift in Sources */ = {isa = PBXBuildFile; fileRef = C096FD9327E6C88000074A81 /* SearchController.swift */; };
		C096FD9627E6C88C00074A81 /* ImageSelectorController.swift in Sources */ = {isa = PBXBuildFile; fileRef = C096FD9527E6C88C00074A81 /* ImageSelectorController.swift */; };
		C096FD9827E6C89800074A81 /* NotificationController.swift in Sources */ = {isa = PBXBuildFile; fileRef = C096FD9727E6C89800074A81 /* NotificationController.swift */; };
		C096FD9A27E6C8A000074A81 /* ProfileController.swift in Sources */ = {isa = PBXBuildFile; fileRef = C096FD9927E6C8A000074A81 /* ProfileController.swift */; };
		C096FD9C27E6D83B00074A81 /* FeedCell.swift in Sources */ = {isa = PBXBuildFile; fileRef = C096FD9B27E6D83B00074A81 /* FeedCell.swift */; };
		C096FD9E27E6D98300074A81 /* Extensions.swift in Sources */ = {isa = PBXBuildFile; fileRef = C096FD9D27E6D98300074A81 /* Extensions.swift */; };
		C096FDA127E6F7E800074A81 /* LoginController.swift in Sources */ = {isa = PBXBuildFile; fileRef = C096FDA027E6F7E800074A81 /* LoginController.swift */; };
		C096FDA327E6FE0300074A81 /* CustomTextFiled.swift in Sources */ = {isa = PBXBuildFile; fileRef = C096FDA227E6FE0300074A81 /* CustomTextFiled.swift */; };
		C096FDA527E7016100074A81 /* RegistrationController.swift in Sources */ = {isa = PBXBuildFile; fileRef = C096FDA427E7016100074A81 /* RegistrationController.swift */; };
		C096FDA727E70D6F00074A81 /* AuthenticationViewModel.swift in Sources */ = {isa = PBXBuildFile; fileRef = C096FDA627E70D6F00074A81 /* AuthenticationViewModel.swift */; };
		C096FDAD27E723D400074A81 /* GoogleService-Info.plist in Resources */ = {isa = PBXBuildFile; fileRef = C096FDAC27E723D300074A81 /* GoogleService-Info.plist */; };
		C096FDAE27E723D400074A81 /* GoogleService-Info.plist in Resources */ = {isa = PBXBuildFile; fileRef = C096FDAC27E723D300074A81 /* GoogleService-Info.plist */; };
		C096FDAF27E723D400074A81 /* GoogleService-Info.plist in Resources */ = {isa = PBXBuildFile; fileRef = C096FDAC27E723D300074A81 /* GoogleService-Info.plist */; };
		C09B1AC827E72956005BE12F /* Main.storyboard in Resources */ = {isa = PBXBuildFile; fileRef = C09B1AC727E72955005BE12F /* Main.storyboard */; };
		C09B1ACA27E72B54005BE12F /* ImageUploader.swift in Sources */ = {isa = PBXBuildFile; fileRef = C09B1AC927E72B54005BE12F /* ImageUploader.swift */; };
		C09B1ACC27E72B5F005BE12F /* AuthService.swift in Sources */ = {isa = PBXBuildFile; fileRef = C09B1ACB27E72B5E005BE12F /* AuthService.swift */; };
		C0F19F4127E6C60800CB6A0B /* AppDelegate.swift in Sources */ = {isa = PBXBuildFile; fileRef = C0F19F4027E6C60800CB6A0B /* AppDelegate.swift */; };
		C0F19F4327E6C60800CB6A0B /* SceneDelegate.swift in Sources */ = {isa = PBXBuildFile; fileRef = C0F19F4227E6C60800CB6A0B /* SceneDelegate.swift */; };
		C0F19F4A27E6C60A00CB6A0B /* Assets.xcassets in Resources */ = {isa = PBXBuildFile; fileRef = C0F19F4927E6C60A00CB6A0B /* Assets.xcassets */; };
		C0F19F4D27E6C60A00CB6A0B /* LaunchScreen.storyboard in Resources */ = {isa = PBXBuildFile; fileRef = C0F19F4B27E6C60A00CB6A0B /* LaunchScreen.storyboard */; };
		C0F19F5827E6C60B00CB6A0B /* Instagram_iOSTests.swift in Sources */ = {isa = PBXBuildFile; fileRef = C0F19F5727E6C60B00CB6A0B /* Instagram_iOSTests.swift */; };
		C0F19F6227E6C60B00CB6A0B /* Instagram_iOSUITests.swift in Sources */ = {isa = PBXBuildFile; fileRef = C0F19F6127E6C60B00CB6A0B /* Instagram_iOSUITests.swift */; };
		C0F19F6427E6C60B00CB6A0B /* Instagram_iOSUITestsLaunchTests.swift in Sources */ = {isa = PBXBuildFile; fileRef = C0F19F6327E6C60B00CB6A0B /* Instagram_iOSUITestsLaunchTests.swift */; };
		C0F19F7827E6C6F200CB6A0B /* MainTabController.swift in Sources */ = {isa = PBXBuildFile; fileRef = C0F19F7727E6C6F200CB6A0B /* MainTabController.swift */; };
/* End PBXBuildFile section */

/* Begin PBXContainerItemProxy section */
		C0F19F5427E6C60B00CB6A0B /* PBXContainerItemProxy */ = {
			isa = PBXContainerItemProxy;
			containerPortal = C0F19F3527E6C60800CB6A0B /* Project object */;
			proxyType = 1;
			remoteGlobalIDString = C0F19F3C27E6C60800CB6A0B;
			remoteInfo = "Instagram-iOS";
		};
		C0F19F5E27E6C60B00CB6A0B /* PBXContainerItemProxy */ = {
			isa = PBXContainerItemProxy;
			containerPortal = C0F19F3527E6C60800CB6A0B /* Project object */;
			proxyType = 1;
			remoteGlobalIDString = C0F19F3C27E6C60800CB6A0B;
			remoteInfo = "Instagram-iOS";
		};
/* End PBXContainerItemProxy section */

/* Begin PBXFileReference section */
		C01D7CB327F33C7200100B84 /* ProfileHeader.swift */ = {isa = PBXFileReference; lastKnownFileType = sourcecode.swift; path = ProfileHeader.swift; sourceTree = "<group>"; };
		C01D7CB527F33C7C00100B84 /* ProfileCell.swift */ = {isa = PBXFileReference; lastKnownFileType = sourcecode.swift; path = ProfileCell.swift; sourceTree = "<group>"; };
		C01D7CB827F3511000100B84 /* UserService.swift */ = {isa = PBXFileReference; lastKnownFileType = sourcecode.swift; path = UserService.swift; sourceTree = "<group>"; };
		C01D7CBA27F3512500100B84 /* Constants.swift */ = {isa = PBXFileReference; lastKnownFileType = sourcecode.swift; path = Constants.swift; sourceTree = "<group>"; };
		C0289D0127F5E4F700FC185E /* UserCell.swift */ = {isa = PBXFileReference; lastKnownFileType = sourcecode.swift; path = UserCell.swift; sourceTree = "<group>"; };
		C0289D0327FB248000FC185E /* UserCellViewModel.swift */ = {isa = PBXFileReference; lastKnownFileType = sourcecode.swift; path = UserCellViewModel.swift; sourceTree = "<group>"; };
		C0289D0527FBEBC200FC185E /* UploadViewController.swift */ = {isa = PBXFileReference; lastKnownFileType = sourcecode.swift; path = UploadViewController.swift; sourceTree = "<group>"; };
		C0289D0727FC068500FC185E /* InputTextView.swift */ = {isa = PBXFileReference; lastKnownFileType = sourcecode.swift; path = InputTextView.swift; sourceTree = "<group>"; };
		C0289D0927FC19A100FC185E /* PostService.swift */ = {isa = PBXFileReference; lastKnownFileType = sourcecode.swift; path = PostService.swift; sourceTree = "<group>"; };
		C0289D0B27FC226D00FC185E /* Post.swift */ = {isa = PBXFileReference; lastKnownFileType = sourcecode.swift; path = Post.swift; sourceTree = "<group>"; };
		C0289D0D27FC27CE00FC185E /* PostViewModel.swift */ = {isa = PBXFileReference; lastKnownFileType = sourcecode.swift; path = PostViewModel.swift; sourceTree = "<group>"; };
		C040F7EB27F3D25800BC8F9F /* User.swift */ = {isa = PBXFileReference; lastKnownFileType = sourcecode.swift; path = User.swift; sourceTree = "<group>"; };
		C040F7ED27F4964D00BC8F9F /* ProfileHeaderViewModel.swift */ = {isa = PBXFileReference; lastKnownFileType = sourcecode.swift; path = ProfileHeaderViewModel.swift; sourceTree = "<group>"; };
		C045097C27EA0AFE0082B673 /* abseil.xcframework */ = {isa = PBXFileReference; lastKnownFileType = wrapper.xcframework; name = abseil.xcframework; path = Carthage/Build/abseil.xcframework; sourceTree = "<group>"; };
		C045097D27EA0AFE0082B673 /* BoringSSL-GRPC.xcframework */ = {isa = PBXFileReference; lastKnownFileType = wrapper.xcframework; name = "BoringSSL-GRPC.xcframework"; path = "Carthage/Build/BoringSSL-GRPC.xcframework"; sourceTree = "<group>"; };
		C045097E27EA0AFE0082B673 /* gRPC-C++.xcframework */ = {isa = PBXFileReference; lastKnownFileType = wrapper.xcframework; name = "gRPC-C++.xcframework"; path = "Carthage/Build/gRPC-C++.xcframework"; sourceTree = "<group>"; };
		C045097F27EA0AFE0082B673 /* FirebaseFirestore.xcframework */ = {isa = PBXFileReference; lastKnownFileType = wrapper.xcframework; name = FirebaseFirestore.xcframework; path = Carthage/Build/FirebaseFirestore.xcframework; sourceTree = "<group>"; };
		C045098027EA0AFE0082B673 /* leveldb-library.xcframework */ = {isa = PBXFileReference; lastKnownFileType = wrapper.xcframework; name = "leveldb-library.xcframework"; path = "Carthage/Build/leveldb-library.xcframework"; sourceTree = "<group>"; };
		C045098127EA0AFE0082B673 /* gRPC-Core.xcframework */ = {isa = PBXFileReference; lastKnownFileType = wrapper.xcframework; name = "gRPC-Core.xcframework"; path = "Carthage/Build/gRPC-Core.xcframework"; sourceTree = "<group>"; };
		C096FD9127E6C86600074A81 /* FeedController.swift */ = {isa = PBXFileReference; lastKnownFileType = sourcecode.swift; path = FeedController.swift; sourceTree = "<group>"; };
		C096FD9327E6C88000074A81 /* SearchController.swift */ = {isa = PBXFileReference; lastKnownFileType = sourcecode.swift; path = SearchController.swift; sourceTree = "<group>"; };
		C096FD9527E6C88C00074A81 /* ImageSelectorController.swift */ = {isa = PBXFileReference; lastKnownFileType = sourcecode.swift; path = ImageSelectorController.swift; sourceTree = "<group>"; };
		C096FD9727E6C89800074A81 /* NotificationController.swift */ = {isa = PBXFileReference; lastKnownFileType = sourcecode.swift; path = NotificationController.swift; sourceTree = "<group>"; };
		C096FD9927E6C8A000074A81 /* ProfileController.swift */ = {isa = PBXFileReference; lastKnownFileType = sourcecode.swift; path = ProfileController.swift; sourceTree = "<group>"; };
		C096FD9B27E6D83B00074A81 /* FeedCell.swift */ = {isa = PBXFileReference; lastKnownFileType = sourcecode.swift; path = FeedCell.swift; sourceTree = "<group>"; };
		C096FD9D27E6D98300074A81 /* Extensions.swift */ = {isa = PBXFileReference; fileEncoding = 4; lastKnownFileType = sourcecode.swift; path = Extensions.swift; sourceTree = "<group>"; };
		C096FDA027E6F7E800074A81 /* LoginController.swift */ = {isa = PBXFileReference; lastKnownFileType = sourcecode.swift; path = LoginController.swift; sourceTree = "<group>"; };
		C096FDA227E6FE0300074A81 /* CustomTextFiled.swift */ = {isa = PBXFileReference; lastKnownFileType = sourcecode.swift; path = CustomTextFiled.swift; sourceTree = "<group>"; };
		C096FDA427E7016100074A81 /* RegistrationController.swift */ = {isa = PBXFileReference; lastKnownFileType = sourcecode.swift; path = RegistrationController.swift; sourceTree = "<group>"; };
		C096FDA627E70D6F00074A81 /* AuthenticationViewModel.swift */ = {isa = PBXFileReference; lastKnownFileType = sourcecode.swift; path = AuthenticationViewModel.swift; sourceTree = "<group>"; };
		C096FDAC27E723D300074A81 /* GoogleService-Info.plist */ = {isa = PBXFileReference; fileEncoding = 4; lastKnownFileType = text.plist.xml; path = "GoogleService-Info.plist"; sourceTree = "<group>"; };
		C09B1AC727E72955005BE12F /* Main.storyboard */ = {isa = PBXFileReference; fileEncoding = 4; lastKnownFileType = file.storyboard; path = Main.storyboard; sourceTree = "<group>"; };
		C09B1AC927E72B54005BE12F /* ImageUploader.swift */ = {isa = PBXFileReference; lastKnownFileType = sourcecode.swift; path = ImageUploader.swift; sourceTree = "<group>"; };
		C09B1ACB27E72B5E005BE12F /* AuthService.swift */ = {isa = PBXFileReference; lastKnownFileType = sourcecode.swift; path = AuthService.swift; sourceTree = "<group>"; };
		C09B1ACD27E8AFF1005BE12F /* GTMSessionFetcher.xcframework */ = {isa = PBXFileReference; lastKnownFileType = wrapper.xcframework; name = GTMSessionFetcher.xcframework; path = Carthage/Build/GTMSessionFetcher.xcframework; sourceTree = "<group>"; };
		C09B1ACE27E8AFF1005BE12F /* FirebaseStorage.xcframework */ = {isa = PBXFileReference; lastKnownFileType = wrapper.xcframework; name = FirebaseStorage.xcframework; path = Carthage/Build/FirebaseStorage.xcframework; sourceTree = "<group>"; };
		C0F19F3D27E6C60800CB6A0B /* Instagram-iOS.app */ = {isa = PBXFileReference; explicitFileType = wrapper.application; includeInIndex = 0; path = "Instagram-iOS.app"; sourceTree = BUILT_PRODUCTS_DIR; };
		C0F19F4027E6C60800CB6A0B /* AppDelegate.swift */ = {isa = PBXFileReference; lastKnownFileType = sourcecode.swift; path = AppDelegate.swift; sourceTree = "<group>"; };
		C0F19F4227E6C60800CB6A0B /* SceneDelegate.swift */ = {isa = PBXFileReference; lastKnownFileType = sourcecode.swift; path = SceneDelegate.swift; sourceTree = "<group>"; };
		C0F19F4927E6C60A00CB6A0B /* Assets.xcassets */ = {isa = PBXFileReference; lastKnownFileType = folder.assetcatalog; path = Assets.xcassets; sourceTree = "<group>"; };
		C0F19F4C27E6C60A00CB6A0B /* Base */ = {isa = PBXFileReference; lastKnownFileType = file.storyboard; name = Base; path = Base.lproj/LaunchScreen.storyboard; sourceTree = "<group>"; };
		C0F19F4E27E6C60A00CB6A0B /* Info.plist */ = {isa = PBXFileReference; lastKnownFileType = text.plist.xml; path = Info.plist; sourceTree = "<group>"; };
		C0F19F5327E6C60B00CB6A0B /* Instagram-iOSTests.xctest */ = {isa = PBXFileReference; explicitFileType = wrapper.cfbundle; includeInIndex = 0; path = "Instagram-iOSTests.xctest"; sourceTree = BUILT_PRODUCTS_DIR; };
		C0F19F5727E6C60B00CB6A0B /* Instagram_iOSTests.swift */ = {isa = PBXFileReference; lastKnownFileType = sourcecode.swift; path = Instagram_iOSTests.swift; sourceTree = "<group>"; };
		C0F19F5D27E6C60B00CB6A0B /* Instagram-iOSUITests.xctest */ = {isa = PBXFileReference; explicitFileType = wrapper.cfbundle; includeInIndex = 0; path = "Instagram-iOSUITests.xctest"; sourceTree = BUILT_PRODUCTS_DIR; };
		C0F19F6127E6C60B00CB6A0B /* Instagram_iOSUITests.swift */ = {isa = PBXFileReference; lastKnownFileType = sourcecode.swift; path = Instagram_iOSUITests.swift; sourceTree = "<group>"; };
		C0F19F6327E6C60B00CB6A0B /* Instagram_iOSUITestsLaunchTests.swift */ = {isa = PBXFileReference; lastKnownFileType = sourcecode.swift; path = Instagram_iOSUITestsLaunchTests.swift; sourceTree = "<group>"; };
		C0F19F7727E6C6F200CB6A0B /* MainTabController.swift */ = {isa = PBXFileReference; lastKnownFileType = sourcecode.swift; path = MainTabController.swift; sourceTree = "<group>"; };
		D0AA59F2C7B82F64D82E8F38 /* Pods-Instagram-iOS.debug.xcconfig */ = {isa = PBXFileReference; includeInIndex = 1; lastKnownFileType = text.xcconfig; name = "Pods-Instagram-iOS.debug.xcconfig"; path = "Target Support Files/Pods-Instagram-iOS/Pods-Instagram-iOS.debug.xcconfig"; sourceTree = "<group>"; };
		D1578127E45E83B69C8FD05B /* Pods_Instagram_iOS.framework */ = {isa = PBXFileReference; explicitFileType = wrapper.framework; includeInIndex = 0; path = Pods_Instagram_iOS.framework; sourceTree = BUILT_PRODUCTS_DIR; };
		FC934B24956345C98697C9AA /* Pods-Instagram-iOS.release.xcconfig */ = {isa = PBXFileReference; includeInIndex = 1; lastKnownFileType = text.xcconfig; name = "Pods-Instagram-iOS.release.xcconfig"; path = "Target Support Files/Pods-Instagram-iOS/Pods-Instagram-iOS.release.xcconfig"; sourceTree = "<group>"; };
/* End PBXFileReference section */

/* Begin PBXFrameworksBuildPhase section */
		C0F19F3A27E6C60800CB6A0B /* Frameworks */ = {
			isa = PBXFrameworksBuildPhase;
			buildActionMask = 2147483647;
			files = (
				521A72A31E3ED65FA30EB0BB /* Pods_Instagram_iOS.framework in Frameworks */,
				C045098227EA0AFE0082B673 /* abseil.xcframework in Frameworks */,
				C045098327EA0AFE0082B673 /* BoringSSL-GRPC.xcframework in Frameworks */,
				C045098427EA0AFE0082B673 /* gRPC-C++.xcframework in Frameworks */,
				C045098527EA0AFE0082B673 /* FirebaseFirestore.xcframework in Frameworks */,
				C045098627EA0AFE0082B673 /* leveldb-library.xcframework in Frameworks */,
				C045098727EA0AFE0082B673 /* gRPC-Core.xcframework in Frameworks */,
			);
			runOnlyForDeploymentPostprocessing = 0;
		};
		C0F19F5027E6C60B00CB6A0B /* Frameworks */ = {
			isa = PBXFrameworksBuildPhase;
			buildActionMask = 2147483647;
			files = (
			);
			runOnlyForDeploymentPostprocessing = 0;
		};
		C0F19F5A27E6C60B00CB6A0B /* Frameworks */ = {
			isa = PBXFrameworksBuildPhase;
			buildActionMask = 2147483647;
			files = (
			);
			runOnlyForDeploymentPostprocessing = 0;
		};
/* End PBXFrameworksBuildPhase section */

/* Begin PBXGroup section */
		2FE432E3022D38C8046DC0BC /* Frameworks */ = {
			isa = PBXGroup;
			children = (
				C045097C27EA0AFE0082B673 /* abseil.xcframework */,
				C045097D27EA0AFE0082B673 /* BoringSSL-GRPC.xcframework */,
				C045097F27EA0AFE0082B673 /* FirebaseFirestore.xcframework */,
				C045097E27EA0AFE0082B673 /* gRPC-C++.xcframework */,
				C045098127EA0AFE0082B673 /* gRPC-Core.xcframework */,
				C045098027EA0AFE0082B673 /* leveldb-library.xcframework */,
				C09B1ACE27E8AFF1005BE12F /* FirebaseStorage.xcframework */,
				C09B1ACD27E8AFF1005BE12F /* GTMSessionFetcher.xcframework */,
				D1578127E45E83B69C8FD05B /* Pods_Instagram_iOS.framework */,
			);
			name = Frameworks;
			sourceTree = "<group>";
		};
		98B83CFE987D3AF8B94A1C10 /* Pods */ = {
			isa = PBXGroup;
			children = (
				D0AA59F2C7B82F64D82E8F38 /* Pods-Instagram-iOS.debug.xcconfig */,
				FC934B24956345C98697C9AA /* Pods-Instagram-iOS.release.xcconfig */,
			);
			path = Pods;
			sourceTree = "<group>";
		};
		C01D7CB727F33C8100100B84 /* Profile */ = {
			isa = PBXGroup;
			children = (
				C01D7CB327F33C7200100B84 /* ProfileHeader.swift */,
				C01D7CB527F33C7C00100B84 /* ProfileCell.swift */,
			);
			path = Profile;
			sourceTree = "<group>";
		};
		C096FD9F27E6F7D500074A81 /* Authentication */ = {
			isa = PBXGroup;
			children = (
				C096FDA027E6F7E800074A81 /* LoginController.swift */,
				C096FDA427E7016100074A81 /* RegistrationController.swift */,
			);
			path = Authentication;
			sourceTree = "<group>";
		};
		C0F19F3427E6C60800CB6A0B = {
			isa = PBXGroup;
			children = (
				C0F19F3F27E6C60800CB6A0B /* Instagram-iOS */,
				C0F19F5627E6C60B00CB6A0B /* Instagram-iOSTests */,
				C0F19F6027E6C60B00CB6A0B /* Instagram-iOSUITests */,
				C0F19F3E27E6C60800CB6A0B /* Products */,
				98B83CFE987D3AF8B94A1C10 /* Pods */,
				2FE432E3022D38C8046DC0BC /* Frameworks */,
			);
			sourceTree = "<group>";
		};
		C0F19F3E27E6C60800CB6A0B /* Products */ = {
			isa = PBXGroup;
			children = (
				C0F19F3D27E6C60800CB6A0B /* Instagram-iOS.app */,
				C0F19F5327E6C60B00CB6A0B /* Instagram-iOSTests.xctest */,
				C0F19F5D27E6C60B00CB6A0B /* Instagram-iOSUITests.xctest */,
			);
			name = Products;
			sourceTree = "<group>";
		};
		C0F19F3F27E6C60800CB6A0B /* Instagram-iOS */ = {
			isa = PBXGroup;
			children = (
				C0F19F7027E6C64A00CB6A0B /* Model */,
				C0F19F7227E6C69000CB6A0B /* View */,
				C0F19F7327E6C69600CB6A0B /* ViewModel */,
				C0F19F7427E6C69D00CB6A0B /* Controller */,
				C0F19F7627E6C6A700CB6A0B /* Utils */,
				C0F19F7527E6C6A300CB6A0B /* API */,
				C0F19F4027E6C60800CB6A0B /* AppDelegate.swift */,
				C0F19F4227E6C60800CB6A0B /* SceneDelegate.swift */,
				C0F19F4927E6C60A00CB6A0B /* Assets.xcassets */,
				C09B1AC727E72955005BE12F /* Main.storyboard */,
				C0F19F4B27E6C60A00CB6A0B /* LaunchScreen.storyboard */,
				C096FDAC27E723D300074A81 /* GoogleService-Info.plist */,
				C0F19F4E27E6C60A00CB6A0B /* Info.plist */,
			);
			path = "Instagram-iOS";
			sourceTree = "<group>";
		};
		C0F19F5627E6C60B00CB6A0B /* Instagram-iOSTests */ = {
			isa = PBXGroup;
			children = (
				C0F19F5727E6C60B00CB6A0B /* Instagram_iOSTests.swift */,
			);
			path = "Instagram-iOSTests";
			sourceTree = "<group>";
		};
		C0F19F6027E6C60B00CB6A0B /* Instagram-iOSUITests */ = {
			isa = PBXGroup;
			children = (
				C0F19F6127E6C60B00CB6A0B /* Instagram_iOSUITests.swift */,
				C0F19F6327E6C60B00CB6A0B /* Instagram_iOSUITestsLaunchTests.swift */,
			);
			path = "Instagram-iOSUITests";
			sourceTree = "<group>";
		};
		C0F19F7027E6C64A00CB6A0B /* Model */ = {
			isa = PBXGroup;
			children = (
				C040F7EB27F3D25800BC8F9F /* User.swift */,
				C0289D0B27FC226D00FC185E /* Post.swift */,
			);
			path = Model;
			sourceTree = "<group>";
		};
		C0F19F7227E6C69000CB6A0B /* View */ = {
			isa = PBXGroup;
			children = (
				C01D7CB727F33C8100100B84 /* Profile */,
				C096FD9B27E6D83B00074A81 /* FeedCell.swift */,
				C096FDA227E6FE0300074A81 /* CustomTextFiled.swift */,
				C0289D0127F5E4F700FC185E /* UserCell.swift */,
			);
			path = View;
			sourceTree = "<group>";
		};
		C0F19F7327E6C69600CB6A0B /* ViewModel */ = {
			isa = PBXGroup;
			children = (
				C096FDA627E70D6F00074A81 /* AuthenticationViewModel.swift */,
				C040F7ED27F4964D00BC8F9F /* ProfileHeaderViewModel.swift */,
				C0289D0327FB248000FC185E /* UserCellViewModel.swift */,
				C0289D0D27FC27CE00FC185E /* PostViewModel.swift */,
			);
			path = ViewModel;
			sourceTree = "<group>";
		};
		C0F19F7427E6C69D00CB6A0B /* Controller */ = {
			isa = PBXGroup;
			children = (
				C096FD9F27E6F7D500074A81 /* Authentication */,
				C0F19F7727E6C6F200CB6A0B /* MainTabController.swift */,
				C096FD9127E6C86600074A81 /* FeedController.swift */,
				C096FD9327E6C88000074A81 /* SearchController.swift */,
				C096FD9527E6C88C00074A81 /* ImageSelectorController.swift */,
				C096FD9727E6C89800074A81 /* NotificationController.swift */,
				C096FD9927E6C8A000074A81 /* ProfileController.swift */,
				C0289D0527FBEBC200FC185E /* UploadViewController.swift */,
			);
			path = Controller;
			sourceTree = "<group>";
		};
		C0F19F7527E6C6A300CB6A0B /* API */ = {
			isa = PBXGroup;
			children = (
				C09B1AC927E72B54005BE12F /* ImageUploader.swift */,
				C09B1ACB27E72B5E005BE12F /* AuthService.swift */,
				C01D7CB827F3511000100B84 /* UserService.swift */,
				C0289D0927FC19A100FC185E /* PostService.swift */,
			);
			path = API;
			sourceTree = "<group>";
		};
		C0F19F7627E6C6A700CB6A0B /* Utils */ = {
			isa = PBXGroup;
			children = (
				C096FD9D27E6D98300074A81 /* Extensions.swift */,
				C01D7CBA27F3512500100B84 /* Constants.swift */,
				C0289D0727FC068500FC185E /* InputTextView.swift */,
			);
			path = Utils;
			sourceTree = "<group>";
		};
/* End PBXGroup section */

/* Begin PBXNativeTarget section */
		C0F19F3C27E6C60800CB6A0B /* Instagram-iOS */ = {
			isa = PBXNativeTarget;
			buildConfigurationList = C0F19F6727E6C60B00CB6A0B /* Build configuration list for PBXNativeTarget "Instagram-iOS" */;
			buildPhases = (
				3880479D532E61A055F5BCA7 /* [CP] Check Pods Manifest.lock */,
				C0F19F3927E6C60800CB6A0B /* Sources */,
				C0F19F3A27E6C60800CB6A0B /* Frameworks */,
				C0F19F3B27E6C60800CB6A0B /* Resources */,
				CCFF0A8F146CF2E1DB733AAD /* [CP] Embed Pods Frameworks */,
			);
			buildRules = (
			);
			dependencies = (
			);
			name = "Instagram-iOS";
			productName = "Instagram-iOS";
			productReference = C0F19F3D27E6C60800CB6A0B /* Instagram-iOS.app */;
			productType = "com.apple.product-type.application";
		};
		C0F19F5227E6C60B00CB6A0B /* Instagram-iOSTests */ = {
			isa = PBXNativeTarget;
			buildConfigurationList = C0F19F6A27E6C60B00CB6A0B /* Build configuration list for PBXNativeTarget "Instagram-iOSTests" */;
			buildPhases = (
				C0F19F4F27E6C60B00CB6A0B /* Sources */,
				C0F19F5027E6C60B00CB6A0B /* Frameworks */,
				C0F19F5127E6C60B00CB6A0B /* Resources */,
			);
			buildRules = (
			);
			dependencies = (
				C0F19F5527E6C60B00CB6A0B /* PBXTargetDependency */,
			);
			name = "Instagram-iOSTests";
			productName = "Instagram-iOSTests";
			productReference = C0F19F5327E6C60B00CB6A0B /* Instagram-iOSTests.xctest */;
			productType = "com.apple.product-type.bundle.unit-test";
		};
		C0F19F5C27E6C60B00CB6A0B /* Instagram-iOSUITests */ = {
			isa = PBXNativeTarget;
			buildConfigurationList = C0F19F6D27E6C60B00CB6A0B /* Build configuration list for PBXNativeTarget "Instagram-iOSUITests" */;
			buildPhases = (
				C0F19F5927E6C60B00CB6A0B /* Sources */,
				C0F19F5A27E6C60B00CB6A0B /* Frameworks */,
				C0F19F5B27E6C60B00CB6A0B /* Resources */,
			);
			buildRules = (
			);
			dependencies = (
				C0F19F5F27E6C60B00CB6A0B /* PBXTargetDependency */,
			);
			name = "Instagram-iOSUITests";
			productName = "Instagram-iOSUITests";
			productReference = C0F19F5D27E6C60B00CB6A0B /* Instagram-iOSUITests.xctest */;
			productType = "com.apple.product-type.bundle.ui-testing";
		};
/* End PBXNativeTarget section */

/* Begin PBXProject section */
		C0F19F3527E6C60800CB6A0B /* Project object */ = {
			isa = PBXProject;
			attributes = {
				BuildIndependentTargetsInParallel = 1;
				LastSwiftUpdateCheck = 1320;
				LastUpgradeCheck = 1320;
				TargetAttributes = {
					C0F19F3C27E6C60800CB6A0B = {
						CreatedOnToolsVersion = 13.2.1;
					};
					C0F19F5227E6C60B00CB6A0B = {
						CreatedOnToolsVersion = 13.2.1;
						TestTargetID = C0F19F3C27E6C60800CB6A0B;
					};
					C0F19F5C27E6C60B00CB6A0B = {
						CreatedOnToolsVersion = 13.2.1;
						TestTargetID = C0F19F3C27E6C60800CB6A0B;
					};
				};
			};
			buildConfigurationList = C0F19F3827E6C60800CB6A0B /* Build configuration list for PBXProject "Instagram-iOS" */;
			compatibilityVersion = "Xcode 13.0";
			developmentRegion = en;
			hasScannedForEncodings = 0;
			knownRegions = (
				en,
				Base,
			);
			mainGroup = C0F19F3427E6C60800CB6A0B;
			productRefGroup = C0F19F3E27E6C60800CB6A0B /* Products */;
			projectDirPath = "";
			projectRoot = "";
			targets = (
				C0F19F3C27E6C60800CB6A0B /* Instagram-iOS */,
				C0F19F5227E6C60B00CB6A0B /* Instagram-iOSTests */,
				C0F19F5C27E6C60B00CB6A0B /* Instagram-iOSUITests */,
			);
		};
/* End PBXProject section */

/* Begin PBXResourcesBuildPhase section */
		C0F19F3B27E6C60800CB6A0B /* Resources */ = {
			isa = PBXResourcesBuildPhase;
			buildActionMask = 2147483647;
			files = (
				C0F19F4D27E6C60A00CB6A0B /* LaunchScreen.storyboard in Resources */,
				C096FDAD27E723D400074A81 /* GoogleService-Info.plist in Resources */,
				C0F19F4A27E6C60A00CB6A0B /* Assets.xcassets in Resources */,
				C09B1AC827E72956005BE12F /* Main.storyboard in Resources */,
			);
			runOnlyForDeploymentPostprocessing = 0;
		};
		C0F19F5127E6C60B00CB6A0B /* Resources */ = {
			isa = PBXResourcesBuildPhase;
			buildActionMask = 2147483647;
			files = (
				C096FDAE27E723D400074A81 /* GoogleService-Info.plist in Resources */,
			);
			runOnlyForDeploymentPostprocessing = 0;
		};
		C0F19F5B27E6C60B00CB6A0B /* Resources */ = {
			isa = PBXResourcesBuildPhase;
			buildActionMask = 2147483647;
			files = (
				C096FDAF27E723D400074A81 /* GoogleService-Info.plist in Resources */,
			);
			runOnlyForDeploymentPostprocessing = 0;
		};
/* End PBXResourcesBuildPhase section */

/* Begin PBXShellScriptBuildPhase section */
		3880479D532E61A055F5BCA7 /* [CP] Check Pods Manifest.lock */ = {
			isa = PBXShellScriptBuildPhase;
			buildActionMask = 2147483647;
			files = (
			);
			inputFileListPaths = (
			);
			inputPaths = (
				"${PODS_PODFILE_DIR_PATH}/Podfile.lock",
				"${PODS_ROOT}/Manifest.lock",
			);
			name = "[CP] Check Pods Manifest.lock";
			outputFileListPaths = (
			);
			outputPaths = (
				"$(DERIVED_FILE_DIR)/Pods-Instagram-iOS-checkManifestLockResult.txt",
			);
			runOnlyForDeploymentPostprocessing = 0;
			shellPath = /bin/sh;
			shellScript = "diff \"${PODS_PODFILE_DIR_PATH}/Podfile.lock\" \"${PODS_ROOT}/Manifest.lock\" > /dev/null\nif [ $? != 0 ] ; then\n    # print error to STDERR\n    echo \"error: The sandbox is not in sync with the Podfile.lock. Run 'pod install' or update your CocoaPods installation.\" >&2\n    exit 1\nfi\n# This output is used by Xcode 'outputs' to avoid re-running this script phase.\necho \"SUCCESS\" > \"${SCRIPT_OUTPUT_FILE_0}\"\n";
			showEnvVarsInLog = 0;
		};
		CCFF0A8F146CF2E1DB733AAD /* [CP] Embed Pods Frameworks */ = {
			isa = PBXShellScriptBuildPhase;
			buildActionMask = 2147483647;
			files = (
			);
			inputFileListPaths = (
				"${PODS_ROOT}/Target Support Files/Pods-Instagram-iOS/Pods-Instagram-iOS-frameworks-${CONFIGURATION}-input-files.xcfilelist",
			);
			name = "[CP] Embed Pods Frameworks";
			outputFileListPaths = (
				"${PODS_ROOT}/Target Support Files/Pods-Instagram-iOS/Pods-Instagram-iOS-frameworks-${CONFIGURATION}-output-files.xcfilelist",
			);
			runOnlyForDeploymentPostprocessing = 0;
			shellPath = /bin/sh;
			shellScript = "\"${PODS_ROOT}/Target Support Files/Pods-Instagram-iOS/Pods-Instagram-iOS-frameworks.sh\"\n";
			showEnvVarsInLog = 0;
		};
/* End PBXShellScriptBuildPhase section */

/* Begin PBXSourcesBuildPhase section */
		C0F19F3927E6C60800CB6A0B /* Sources */ = {
			isa = PBXSourcesBuildPhase;
			buildActionMask = 2147483647;
			files = (
				C096FDA327E6FE0300074A81 /* CustomTextFiled.swift in Sources */,
				C096FDA127E6F7E800074A81 /* LoginController.swift in Sources */,
				C09B1ACA27E72B54005BE12F /* ImageUploader.swift in Sources */,
				C096FD9627E6C88C00074A81 /* ImageSelectorController.swift in Sources */,
				C096FD9827E6C89800074A81 /* NotificationController.swift in Sources */,
				C0289D0427FB248000FC185E /* UserCellViewModel.swift in Sources */,
				C096FD9427E6C88000074A81 /* SearchController.swift in Sources */,
				C0F19F4127E6C60800CB6A0B /* AppDelegate.swift in Sources */,
				C096FDA727E70D6F00074A81 /* AuthenticationViewModel.swift in Sources */,
				C096FD9A27E6C8A000074A81 /* ProfileController.swift in Sources */,
				C096FD9E27E6D98300074A81 /* Extensions.swift in Sources */,
				C0289D0627FBEBC200FC185E /* UploadViewController.swift in Sources */,
				C01D7CB427F33C7200100B84 /* ProfileHeader.swift in Sources */,
				C0289D0227F5E4F700FC185E /* UserCell.swift in Sources */,
				C096FD9227E6C86600074A81 /* FeedController.swift in Sources */,
				C0F19F7827E6C6F200CB6A0B /* MainTabController.swift in Sources */,
				C0289D0E27FC27CE00FC185E /* PostViewModel.swift in Sources */,
				C0289D0A27FC19A100FC185E /* PostService.swift in Sources */,
				C01D7CB927F3511100100B84 /* UserService.swift in Sources */,
				C0F19F4327E6C60800CB6A0B /* SceneDelegate.swift in Sources */,
				C0289D0C27FC226D00FC185E /* Post.swift in Sources */,
				C01D7CBB27F3512500100B84 /* Constants.swift in Sources */,
				C040F7EC27F3D25800BC8F9F /* User.swift in Sources */,
				C096FD9C27E6D83B00074A81 /* FeedCell.swift in Sources */,
				C040F7EE27F4964D00BC8F9F /* ProfileHeaderViewModel.swift in Sources */,
				C01D7CB627F33C7C00100B84 /* ProfileCell.swift in Sources */,
				C096FDA527E7016100074A81 /* RegistrationController.swift in Sources */,
				C0289D0827FC068500FC185E /* InputTextView.swift in Sources */,
				C09B1ACC27E72B5F005BE12F /* AuthService.swift in Sources */,
			);
			runOnlyForDeploymentPostprocessing = 0;
		};
		C0F19F4F27E6C60B00CB6A0B /* Sources */ = {
			isa = PBXSourcesBuildPhase;
			buildActionMask = 2147483647;
			files = (
				C0F19F5827E6C60B00CB6A0B /* Instagram_iOSTests.swift in Sources */,
			);
			runOnlyForDeploymentPostprocessing = 0;
		};
		C0F19F5927E6C60B00CB6A0B /* Sources */ = {
			isa = PBXSourcesBuildPhase;
			buildActionMask = 2147483647;
			files = (
				C0F19F6227E6C60B00CB6A0B /* Instagram_iOSUITests.swift in Sources */,
				C0F19F6427E6C60B00CB6A0B /* Instagram_iOSUITestsLaunchTests.swift in Sources */,
			);
			runOnlyForDeploymentPostprocessing = 0;
		};
/* End PBXSourcesBuildPhase section */

/* Begin PBXTargetDependency section */
		C0F19F5527E6C60B00CB6A0B /* PBXTargetDependency */ = {
			isa = PBXTargetDependency;
			target = C0F19F3C27E6C60800CB6A0B /* Instagram-iOS */;
			targetProxy = C0F19F5427E6C60B00CB6A0B /* PBXContainerItemProxy */;
		};
		C0F19F5F27E6C60B00CB6A0B /* PBXTargetDependency */ = {
			isa = PBXTargetDependency;
			target = C0F19F3C27E6C60800CB6A0B /* Instagram-iOS */;
			targetProxy = C0F19F5E27E6C60B00CB6A0B /* PBXContainerItemProxy */;
		};
/* End PBXTargetDependency section */

/* Begin PBXVariantGroup section */
		C0F19F4B27E6C60A00CB6A0B /* LaunchScreen.storyboard */ = {
			isa = PBXVariantGroup;
			children = (
				C0F19F4C27E6C60A00CB6A0B /* Base */,
			);
			name = LaunchScreen.storyboard;
			sourceTree = "<group>";
		};
/* End PBXVariantGroup section */

/* Begin XCBuildConfiguration section */
		C0F19F6527E6C60B00CB6A0B /* Debug */ = {
			isa = XCBuildConfiguration;
			buildSettings = {
				ALWAYS_SEARCH_USER_PATHS = NO;
				CLANG_ANALYZER_NONNULL = YES;
				CLANG_ANALYZER_NUMBER_OBJECT_CONVERSION = YES_AGGRESSIVE;
				CLANG_CXX_LANGUAGE_STANDARD = "gnu++17";
				CLANG_CXX_LIBRARY = "libc++";
				CLANG_ENABLE_MODULES = YES;
				CLANG_ENABLE_OBJC_ARC = YES;
				CLANG_ENABLE_OBJC_WEAK = YES;
				CLANG_WARN_BLOCK_CAPTURE_AUTORELEASING = YES;
				CLANG_WARN_BOOL_CONVERSION = YES;
				CLANG_WARN_COMMA = YES;
				CLANG_WARN_CONSTANT_CONVERSION = YES;
				CLANG_WARN_DEPRECATED_OBJC_IMPLEMENTATIONS = YES;
				CLANG_WARN_DIRECT_OBJC_ISA_USAGE = YES_ERROR;
				CLANG_WARN_DOCUMENTATION_COMMENTS = YES;
				CLANG_WARN_EMPTY_BODY = YES;
				CLANG_WARN_ENUM_CONVERSION = YES;
				CLANG_WARN_INFINITE_RECURSION = YES;
				CLANG_WARN_INT_CONVERSION = YES;
				CLANG_WARN_NON_LITERAL_NULL_CONVERSION = YES;
				CLANG_WARN_OBJC_IMPLICIT_RETAIN_SELF = YES;
				CLANG_WARN_OBJC_LITERAL_CONVERSION = YES;
				CLANG_WARN_OBJC_ROOT_CLASS = YES_ERROR;
				CLANG_WARN_QUOTED_INCLUDE_IN_FRAMEWORK_HEADER = YES;
				CLANG_WARN_RANGE_LOOP_ANALYSIS = YES;
				CLANG_WARN_STRICT_PROTOTYPES = YES;
				CLANG_WARN_SUSPICIOUS_MOVE = YES;
				CLANG_WARN_UNGUARDED_AVAILABILITY = YES_AGGRESSIVE;
				CLANG_WARN_UNREACHABLE_CODE = YES;
				CLANG_WARN__DUPLICATE_METHOD_MATCH = YES;
				COPY_PHASE_STRIP = NO;
				DEBUG_INFORMATION_FORMAT = dwarf;
				ENABLE_STRICT_OBJC_MSGSEND = YES;
				ENABLE_TESTABILITY = YES;
				GCC_C_LANGUAGE_STANDARD = gnu11;
				GCC_DYNAMIC_NO_PIC = NO;
				GCC_NO_COMMON_BLOCKS = YES;
				GCC_OPTIMIZATION_LEVEL = 0;
				GCC_PREPROCESSOR_DEFINITIONS = (
					"DEBUG=1",
					"$(inherited)",
				);
				GCC_WARN_64_TO_32_BIT_CONVERSION = YES;
				GCC_WARN_ABOUT_RETURN_TYPE = YES_ERROR;
				GCC_WARN_UNDECLARED_SELECTOR = YES;
				GCC_WARN_UNINITIALIZED_AUTOS = YES_AGGRESSIVE;
				GCC_WARN_UNUSED_FUNCTION = YES;
				GCC_WARN_UNUSED_VARIABLE = YES;
				IPHONEOS_DEPLOYMENT_TARGET = 13.0;
				MTL_ENABLE_DEBUG_INFO = INCLUDE_SOURCE;
				MTL_FAST_MATH = YES;
				ONLY_ACTIVE_ARCH = YES;
				SDKROOT = iphoneos;
				SWIFT_ACTIVE_COMPILATION_CONDITIONS = DEBUG;
				SWIFT_OPTIMIZATION_LEVEL = "-Onone";
			};
			name = Debug;
		};
		C0F19F6627E6C60B00CB6A0B /* Release */ = {
			isa = XCBuildConfiguration;
			buildSettings = {
				ALWAYS_SEARCH_USER_PATHS = NO;
				CLANG_ANALYZER_NONNULL = YES;
				CLANG_ANALYZER_NUMBER_OBJECT_CONVERSION = YES_AGGRESSIVE;
				CLANG_CXX_LANGUAGE_STANDARD = "gnu++17";
				CLANG_CXX_LIBRARY = "libc++";
				CLANG_ENABLE_MODULES = YES;
				CLANG_ENABLE_OBJC_ARC = YES;
				CLANG_ENABLE_OBJC_WEAK = YES;
				CLANG_WARN_BLOCK_CAPTURE_AUTORELEASING = YES;
				CLANG_WARN_BOOL_CONVERSION = YES;
				CLANG_WARN_COMMA = YES;
				CLANG_WARN_CONSTANT_CONVERSION = YES;
				CLANG_WARN_DEPRECATED_OBJC_IMPLEMENTATIONS = YES;
				CLANG_WARN_DIRECT_OBJC_ISA_USAGE = YES_ERROR;
				CLANG_WARN_DOCUMENTATION_COMMENTS = YES;
				CLANG_WARN_EMPTY_BODY = YES;
				CLANG_WARN_ENUM_CONVERSION = YES;
				CLANG_WARN_INFINITE_RECURSION = YES;
				CLANG_WARN_INT_CONVERSION = YES;
				CLANG_WARN_NON_LITERAL_NULL_CONVERSION = YES;
				CLANG_WARN_OBJC_IMPLICIT_RETAIN_SELF = YES;
				CLANG_WARN_OBJC_LITERAL_CONVERSION = YES;
				CLANG_WARN_OBJC_ROOT_CLASS = YES_ERROR;
				CLANG_WARN_QUOTED_INCLUDE_IN_FRAMEWORK_HEADER = YES;
				CLANG_WARN_RANGE_LOOP_ANALYSIS = YES;
				CLANG_WARN_STRICT_PROTOTYPES = YES;
				CLANG_WARN_SUSPICIOUS_MOVE = YES;
				CLANG_WARN_UNGUARDED_AVAILABILITY = YES_AGGRESSIVE;
				CLANG_WARN_UNREACHABLE_CODE = YES;
				CLANG_WARN__DUPLICATE_METHOD_MATCH = YES;
				COPY_PHASE_STRIP = NO;
				DEBUG_INFORMATION_FORMAT = "dwarf-with-dsym";
				ENABLE_NS_ASSERTIONS = NO;
				ENABLE_STRICT_OBJC_MSGSEND = YES;
				GCC_C_LANGUAGE_STANDARD = gnu11;
				GCC_NO_COMMON_BLOCKS = YES;
				GCC_WARN_64_TO_32_BIT_CONVERSION = YES;
				GCC_WARN_ABOUT_RETURN_TYPE = YES_ERROR;
				GCC_WARN_UNDECLARED_SELECTOR = YES;
				GCC_WARN_UNINITIALIZED_AUTOS = YES_AGGRESSIVE;
				GCC_WARN_UNUSED_FUNCTION = YES;
				GCC_WARN_UNUSED_VARIABLE = YES;
				IPHONEOS_DEPLOYMENT_TARGET = 13.0;
				MTL_ENABLE_DEBUG_INFO = NO;
				MTL_FAST_MATH = YES;
				SDKROOT = iphoneos;
				SWIFT_COMPILATION_MODE = wholemodule;
				SWIFT_OPTIMIZATION_LEVEL = "-O";
				VALIDATE_PRODUCT = YES;
			};
			name = Release;
		};
		C0F19F6827E6C60B00CB6A0B /* Debug */ = {
			isa = XCBuildConfiguration;
			baseConfigurationReference = D0AA59F2C7B82F64D82E8F38 /* Pods-Instagram-iOS.debug.xcconfig */;
			buildSettings = {
				ASSETCATALOG_COMPILER_APPICON_NAME = AppIcon;
				ASSETCATALOG_COMPILER_GLOBAL_ACCENT_COLOR_NAME = AccentColor;
				CODE_SIGN_IDENTITY = "iPhone Developer";
				CODE_SIGN_STYLE = Manual;
				CURRENT_PROJECT_VERSION = 1;
				DEVELOPMENT_TEAM = 28PAA3S5M5;
				GENERATE_INFOPLIST_FILE = YES;
				INFOPLIST_FILE = "Instagram-iOS/Info.plist";
				INFOPLIST_KEY_NSCameraUsageDescription = Camera;
				INFOPLIST_KEY_NSMicrophoneUsageDescription = Mic;
				INFOPLIST_KEY_NSPhotoLibraryUsageDescription = photo;
				INFOPLIST_KEY_UIApplicationSupportsIndirectInputEvents = YES;
				INFOPLIST_KEY_UILaunchStoryboardName = LaunchScreen;
				INFOPLIST_KEY_UIMainStoryboardFile = Main;
				INFOPLIST_KEY_UISupportedInterfaceOrientations_iPad = "UIInterfaceOrientationPortrait UIInterfaceOrientationPortraitUpsideDown UIInterfaceOrientationLandscapeLeft UIInterfaceOrientationLandscapeRight";
				INFOPLIST_KEY_UISupportedInterfaceOrientations_iPhone = "UIInterfaceOrientationPortrait UIInterfaceOrientationLandscapeLeft UIInterfaceOrientationLandscapeRight";
				LD_RUNPATH_SEARCH_PATHS = (
					"$(inherited)",
					"@executable_path/Frameworks",
				);
				MARKETING_VERSION = 1.0;
				PRODUCT_BUNDLE_IDENTIFIER = "com.webank.Instagram-iOS";
				PRODUCT_NAME = "$(TARGET_NAME)";
				PROVISIONING_PROFILE_SPECIFIER = ppforwork;
				SWIFT_EMIT_LOC_STRINGS = YES;
				SWIFT_VERSION = 5.0;
				TARGETED_DEVICE_FAMILY = "1,2";
			};
			name = Debug;
		};
		C0F19F6927E6C60B00CB6A0B /* Release */ = {
			isa = XCBuildConfiguration;
			baseConfigurationReference = FC934B24956345C98697C9AA /* Pods-Instagram-iOS.release.xcconfig */;
			buildSettings = {
				ASSETCATALOG_COMPILER_APPICON_NAME = AppIcon;
				ASSETCATALOG_COMPILER_GLOBAL_ACCENT_COLOR_NAME = AccentColor;
				CODE_SIGN_IDENTITY = "iPhone Developer";
				CODE_SIGN_STYLE = Manual;
				CURRENT_PROJECT_VERSION = 1;
				DEVELOPMENT_TEAM = 28PAA3S5M5;
				GENERATE_INFOPLIST_FILE = YES;
				INFOPLIST_FILE = "Instagram-iOS/Info.plist";
				INFOPLIST_KEY_NSCameraUsageDescription = Camera;
				INFOPLIST_KEY_NSMicrophoneUsageDescription = Mic;
				INFOPLIST_KEY_NSPhotoLibraryUsageDescription = photo;
				INFOPLIST_KEY_UIApplicationSupportsIndirectInputEvents = YES;
				INFOPLIST_KEY_UILaunchStoryboardName = LaunchScreen;
				INFOPLIST_KEY_UIMainStoryboardFile = Main;
				INFOPLIST_KEY_UISupportedInterfaceOrientations_iPad = "UIInterfaceOrientationPortrait UIInterfaceOrientationPortraitUpsideDown UIInterfaceOrientationLandscapeLeft UIInterfaceOrientationLandscapeRight";
				INFOPLIST_KEY_UISupportedInterfaceOrientations_iPhone = "UIInterfaceOrientationPortrait UIInterfaceOrientationLandscapeLeft UIInterfaceOrientationLandscapeRight";
				LD_RUNPATH_SEARCH_PATHS = (
					"$(inherited)",
					"@executable_path/Frameworks",
				);
				MARKETING_VERSION = 1.0;
				PRODUCT_BUNDLE_IDENTIFIER = "com.webank.Instagram-iOS";
				PRODUCT_NAME = "$(TARGET_NAME)";
				PROVISIONING_PROFILE_SPECIFIER = ppforwork;
				SWIFT_EMIT_LOC_STRINGS = YES;
				SWIFT_VERSION = 5.0;
				TARGETED_DEVICE_FAMILY = "1,2";
			};
			name = Release;
		};
		C0F19F6B27E6C60B00CB6A0B /* Debug */ = {
			isa = XCBuildConfiguration;
			buildSettings = {
				ALWAYS_EMBED_SWIFT_STANDARD_LIBRARIES = YES;
				BUNDLE_LOADER = "$(TEST_HOST)";
				CODE_SIGN_STYLE = Automatic;
				CURRENT_PROJECT_VERSION = 1;
				GENERATE_INFOPLIST_FILE = YES;
				IPHONEOS_DEPLOYMENT_TARGET = 15.2;
				MARKETING_VERSION = 1.0;
				PRODUCT_BUNDLE_IDENTIFIER = "com.webank.Instagram-iOSTests";
				PRODUCT_NAME = "$(TARGET_NAME)";
				SWIFT_EMIT_LOC_STRINGS = NO;
				SWIFT_VERSION = 5.0;
				TARGETED_DEVICE_FAMILY = "1,2";
				TEST_HOST = "$(BUILT_PRODUCTS_DIR)/Instagram-iOS.app/Instagram-iOS";
			};
			name = Debug;
		};
		C0F19F6C27E6C60B00CB6A0B /* Release */ = {
			isa = XCBuildConfiguration;
			buildSettings = {
				ALWAYS_EMBED_SWIFT_STANDARD_LIBRARIES = YES;
				BUNDLE_LOADER = "$(TEST_HOST)";
				CODE_SIGN_STYLE = Automatic;
				CURRENT_PROJECT_VERSION = 1;
				GENERATE_INFOPLIST_FILE = YES;
				IPHONEOS_DEPLOYMENT_TARGET = 15.2;
				MARKETING_VERSION = 1.0;
				PRODUCT_BUNDLE_IDENTIFIER = "com.webank.Instagram-iOSTests";
				PRODUCT_NAME = "$(TARGET_NAME)";
				SWIFT_EMIT_LOC_STRINGS = NO;
				SWIFT_VERSION = 5.0;
				TARGETED_DEVICE_FAMILY = "1,2";
				TEST_HOST = "$(BUILT_PRODUCTS_DIR)/Instagram-iOS.app/Instagram-iOS";
			};
			name = Release;
		};
		C0F19F6E27E6C60B00CB6A0B /* Debug */ = {
			isa = XCBuildConfiguration;
			buildSettings = {
				ALWAYS_EMBED_SWIFT_STANDARD_LIBRARIES = YES;
				CODE_SIGN_STYLE = Automatic;
				CURRENT_PROJECT_VERSION = 1;
				GENERATE_INFOPLIST_FILE = YES;
				MARKETING_VERSION = 1.0;
				PRODUCT_BUNDLE_IDENTIFIER = "com.webank.Instagram-iOSUITests";
				PRODUCT_NAME = "$(TARGET_NAME)";
				SWIFT_EMIT_LOC_STRINGS = NO;
				SWIFT_VERSION = 5.0;
				TARGETED_DEVICE_FAMILY = "1,2";
				TEST_TARGET_NAME = "Instagram-iOS";
			};
			name = Debug;
		};
		C0F19F6F27E6C60B00CB6A0B /* Release */ = {
			isa = XCBuildConfiguration;
			buildSettings = {
				ALWAYS_EMBED_SWIFT_STANDARD_LIBRARIES = YES;
				CODE_SIGN_STYLE = Automatic;
				CURRENT_PROJECT_VERSION = 1;
				GENERATE_INFOPLIST_FILE = YES;
				MARKETING_VERSION = 1.0;
				PRODUCT_BUNDLE_IDENTIFIER = "com.webank.Instagram-iOSUITests";
				PRODUCT_NAME = "$(TARGET_NAME)";
				SWIFT_EMIT_LOC_STRINGS = NO;
				SWIFT_VERSION = 5.0;
				TARGETED_DEVICE_FAMILY = "1,2";
				TEST_TARGET_NAME = "Instagram-iOS";
			};
			name = Release;
		};
/* End XCBuildConfiguration section */

/* Begin XCConfigurationList section */
		C0F19F3827E6C60800CB6A0B /* Build configuration list for PBXProject "Instagram-iOS" */ = {
			isa = XCConfigurationList;
			buildConfigurations = (
				C0F19F6527E6C60B00CB6A0B /* Debug */,
				C0F19F6627E6C60B00CB6A0B /* Release */,
			);
			defaultConfigurationIsVisible = 0;
			defaultConfigurationName = Release;
		};
		C0F19F6727E6C60B00CB6A0B /* Build configuration list for PBXNativeTarget "Instagram-iOS" */ = {
			isa = XCConfigurationList;
			buildConfigurations = (
				C0F19F6827E6C60B00CB6A0B /* Debug */,
				C0F19F6927E6C60B00CB6A0B /* Release */,
			);
			defaultConfigurationIsVisible = 0;
			defaultConfigurationName = Release;
		};
		C0F19F6A27E6C60B00CB6A0B /* Build configuration list for PBXNativeTarget "Instagram-iOSTests" */ = {
			isa = XCConfigurationList;
			buildConfigurations = (
				C0F19F6B27E6C60B00CB6A0B /* Debug */,
				C0F19F6C27E6C60B00CB6A0B /* Release */,
			);
			defaultConfigurationIsVisible = 0;
			defaultConfigurationName = Release;
		};
		C0F19F6D27E6C60B00CB6A0B /* Build configuration list for PBXNativeTarget "Instagram-iOSUITests" */ = {
			isa = XCConfigurationList;
			buildConfigurations = (
				C0F19F6E27E6C60B00CB6A0B /* Debug */,
				C0F19F6F27E6C60B00CB6A0B /* Release */,
			);
			defaultConfigurationIsVisible = 0;
			defaultConfigurationName = Release;
		};
/* End XCConfigurationList section */
	};
	rootObject = C0F19F3527E6C60800CB6A0B /* Project object */;
}
